
Microsoft Visual Studio Solution File, Format Version 12.00
# Visual Studio 15
VisualStudioVersion = 15.0.28307.489
MinimumVisualStudioVersion = 10.0.40219.1
Project("{FAE04EC0-301F-11D3-BF4B-00C04F79EFBC}") = "RestaurantApp", "RestaurantApp\RestaurantApp.csproj", "{E0020BB0-67C0-4775-AA75-7283AF534960}"
EndProject
Global
	GlobalSection(SolutionConfigurationPlatforms) = preSolution
		Debug|Any CPU = Debug|Any CPU
		Release|Any CPU = Release|Any CPU
	EndGlobalSection
	GlobalSection(ProjectConfigurationPlatforms) = postSolution
		{E0020BB0-67C0-4775-AA75-7283AF534960}.Debug|Any CPU.ActiveCfg = Debug|Any CPU
		{E0020BB0-67C0-4775-AA75-7283AF534960}.Debug|Any CPU.Build.0 = Debug|Any CPU
		{E0020BB0-67C0-4775-AA75-7283AF534960}.Release|Any CPU.ActiveCfg = Release|Any CPU
		{E0020BB0-67C0-4775-AA75-7283AF534960}.Release|Any CPU.Build.0 = Release|Any CPU
	EndGlobalSection
	GlobalSection(SolutionProperties) = preSolution
		HideSolutionNode = FALSE
	EndGlobalSection
	GlobalSection(ExtensibilityGlobals) = postSolution
		SolutionGuid = {EE2977A6-C489-4301-B243-15F6CA32FB4E}
	EndGlobalSection
EndGlobal
